// !$*UTF8*$!
{
	archiveVersion = 1;
	classes = {
	};
	objectVersion = 54;
	objects = {

/* Begin PBXBuildFile section */
		32027D4A2829F68100F0F167 /* CalorieBreakdown.swift in Sources */ = {isa = PBXBuildFile; fileRef = 32027D492829F68100F0F167 /* CalorieBreakdown.swift */; };
		32027D4C2829F6D900F0F167 /* Nutrition.swift in Sources */ = {isa = PBXBuildFile; fileRef = 32027D4B2829F6D900F0F167 /* Nutrition.swift */; };
		32027D4E282A038E00F0F167 /* Flavonoid.swift in Sources */ = {isa = PBXBuildFile; fileRef = 32027D4D282A038E00F0F167 /* Flavonoid.swift */; };
		32027D50282A03D900F0F167 /* WeightPerServing.swift in Sources */ = {isa = PBXBuildFile; fileRef = 32027D4F282A03D900F0F167 /* WeightPerServing.swift */; };
		3214AC10284B312D00474068 /* SignUpViewController.swift in Sources */ = {isa = PBXBuildFile; fileRef = 3214AC0F284B312D00474068 /* SignUpViewController.swift */; };
		3214AC12284B344100474068 /* AccountTextField.swift in Sources */ = {isa = PBXBuildFile; fileRef = 3214AC11284B344100474068 /* AccountTextField.swift */; };
		3214AC14284BE78600474068 /* LogInViewController.swift in Sources */ = {isa = PBXBuildFile; fileRef = 3214AC13284BE78600474068 /* LogInViewController.swift */; };
		3214AC16284BED3100474068 /* SignWithAppleButton.swift in Sources */ = {isa = PBXBuildFile; fileRef = 3214AC15284BED3100474068 /* SignWithAppleButton.swift */; };
		321E29F02841F86D003BCC47 /* AdvancedMicrosCell.swift in Sources */ = {isa = PBXBuildFile; fileRef = 321E29EF2841F86D003BCC47 /* AdvancedMicrosCell.swift */; };
		321E29F42842059C003BCC47 /* MediumTextField.swift in Sources */ = {isa = PBXBuildFile; fileRef = 321E29F32842059C003BCC47 /* MediumTextField.swift */; };
		3221998127FA5DB2003FD4F6 /* AppDelegate.swift in Sources */ = {isa = PBXBuildFile; fileRef = 3221998027FA5DB2003FD4F6 /* AppDelegate.swift */; };
		3221998527FA5DB2003FD4F6 /* SearchViewController.swift in Sources */ = {isa = PBXBuildFile; fileRef = 3221998427FA5DB2003FD4F6 /* SearchViewController.swift */; };
		3221998A27FA5DB3003FD4F6 /* Assets.xcassets in Resources */ = {isa = PBXBuildFile; fileRef = 3221998927FA5DB3003FD4F6 /* Assets.xcassets */; };
		3221998D27FA5DB3003FD4F6 /* LaunchScreen.storyboard in Resources */ = {isa = PBXBuildFile; fileRef = 3221998B27FA5DB3003FD4F6 /* LaunchScreen.storyboard */; };
		3221999E27FA5E77003FD4F6 /* NetworkAccess.swift in Sources */ = {isa = PBXBuildFile; fileRef = 3221999D27FA5E77003FD4F6 /* NetworkAccess.swift */; };
		322199A027FA5E99003FD4F6 /* EndPoints.swift in Sources */ = {isa = PBXBuildFile; fileRef = 3221999F27FA5E99003FD4F6 /* EndPoints.swift */; };
		322199A227FA5EC2003FD4F6 /* JsonParser.swift in Sources */ = {isa = PBXBuildFile; fileRef = 322199A127FA5EC2003FD4F6 /* JsonParser.swift */; };
		322199A427FA5ED8003FD4F6 /* DataProvider.swift in Sources */ = {isa = PBXBuildFile; fileRef = 322199A327FA5ED8003FD4F6 /* DataProvider.swift */; };
		322199A627FA5EE3003FD4F6 /* NetworkDataFlow.swift in Sources */ = {isa = PBXBuildFile; fileRef = 322199A527FA5EE3003FD4F6 /* NetworkDataFlow.swift */; };
		322199A927FA5F34003FD4F6 /* ChefDefault.swift in Sources */ = {isa = PBXBuildFile; fileRef = 322199A827FA5F34003FD4F6 /* ChefDefault.swift */; };
		322199AC27FA5F75003FD4F6 /* Recipe.swift in Sources */ = {isa = PBXBuildFile; fileRef = 322199AB27FA5F75003FD4F6 /* Recipe.swift */; };
		322199AE27FA5FAA003FD4F6 /* RecipeSummary.swift in Sources */ = {isa = PBXBuildFile; fileRef = 322199AD27FA5FAA003FD4F6 /* RecipeSummary.swift */; };
		322199B427FA627A003FD4F6 /* Ingredient.swift in Sources */ = {isa = PBXBuildFile; fileRef = 322199B327FA627A003FD4F6 /* Ingredient.swift */; };
		322199B627FA62C4003FD4F6 /* ExtendedIngredient.swift in Sources */ = {isa = PBXBuildFile; fileRef = 322199B527FA62C4003FD4F6 /* ExtendedIngredient.swift */; };
		322199B827FA6328003FD4F6 /* SearchView.swift in Sources */ = {isa = PBXBuildFile; fileRef = 322199B727FA6328003FD4F6 /* SearchView.swift */; };
		322199BB27FA6407003FD4F6 /* RecipeCell.swift in Sources */ = {isa = PBXBuildFile; fileRef = 322199BA27FA6407003FD4F6 /* RecipeCell.swift */; };
		322199BD27FA6517003FD4F6 /* DetailsButton.swift in Sources */ = {isa = PBXBuildFile; fileRef = 322199BC27FA6517003FD4F6 /* DetailsButton.swift */; };
		322199BF27FA6567003FD4F6 /* LargeTextField.swift in Sources */ = {isa = PBXBuildFile; fileRef = 322199BE27FA6567003FD4F6 /* LargeTextField.swift */; };
		322199C127FA6608003FD4F6 /* RecipeListCollectionView.swift in Sources */ = {isa = PBXBuildFile; fileRef = 322199C027FA6608003FD4F6 /* RecipeListCollectionView.swift */; };
		322199C427FA6A55003FD4F6 /* SearchResult.swift in Sources */ = {isa = PBXBuildFile; fileRef = 322199C327FA6A55003FD4F6 /* SearchResult.swift */; };
		322199C727FA6BB3003FD4F6 /* ImageURLProtocol.swift in Sources */ = {isa = PBXBuildFile; fileRef = 322199C627FA6BB3003FD4F6 /* ImageURLProtocol.swift */; };
		322199CA27FA6C2F003FD4F6 /* UIImage-Extension.swift in Sources */ = {isa = PBXBuildFile; fileRef = 322199C927FA6C2F003FD4F6 /* UIImage-Extension.swift */; };
		322199CC27FA84CD003FD4F6 /* ViewController-Extensions.swift in Sources */ = {isa = PBXBuildFile; fileRef = 322199CB27FA84CD003FD4F6 /* ViewController-Extensions.swift */; };
		3221EF612834474300A6FCCD /* Cuisine.swift in Sources */ = {isa = PBXBuildFile; fileRef = 3221EF602834474300A6FCCD /* Cuisine.swift */; };
		3221EF65283448FC00A6FCCD /* Diet.swift in Sources */ = {isa = PBXBuildFile; fileRef = 3221EF64283448FC00A6FCCD /* Diet.swift */; };
		3221EF67283449E400A6FCCD /* MealType.swift in Sources */ = {isa = PBXBuildFile; fileRef = 3221EF66283449E400A6FCCD /* MealType.swift */; };
		3221EF6928344A9800A6FCCD /* AdvancedMacros.swift in Sources */ = {isa = PBXBuildFile; fileRef = 3221EF6828344A9800A6FCCD /* AdvancedMacros.swift */; };
		3221EF6B28344E9900A6FCCD /* IntolerancesSearch.swift in Sources */ = {isa = PBXBuildFile; fileRef = 3221EF6A28344E9900A6FCCD /* IntolerancesSearch.swift */; };
		3221EF6F28349D1700A6FCCD /* MacrosTextField.swift in Sources */ = {isa = PBXBuildFile; fileRef = 3221EF6E28349D1700A6FCCD /* MacrosTextField.swift */; };
		3221EF732834A47F00A6FCCD /* ActionButton.swift in Sources */ = {isa = PBXBuildFile; fileRef = 3221EF722834A47F00A6FCCD /* ActionButton.swift */; };
		3221EF7A283511AC00A6FCCD /* EnumOptions.swift in Sources */ = {isa = PBXBuildFile; fileRef = 3221EF79283511AC00A6FCCD /* EnumOptions.swift */; };
		3221EF7D28352F5700A6FCCD /* IntolerantMethod.swift in Sources */ = {isa = PBXBuildFile; fileRef = 3221EF7C28352F5700A6FCCD /* IntolerantMethod.swift */; };
		3221EF7F28355CEE00A6FCCD /* MealTypeMethod.swift in Sources */ = {isa = PBXBuildFile; fileRef = 3221EF7E28355CEE00A6FCCD /* MealTypeMethod.swift */; };
		3221EF8128355DFD00A6FCCD /* DietsMethod.swift in Sources */ = {isa = PBXBuildFile; fileRef = 3221EF8028355DFD00A6FCCD /* DietsMethod.swift */; };
		3221EF83283565B000A6FCCD /* CuisinesMethod.swift in Sources */ = {isa = PBXBuildFile; fileRef = 3221EF82283565B000A6FCCD /* CuisinesMethod.swift */; };
		3221EF872835CC4500A6FCCD /* AdvancedMacrosMethod.swift in Sources */ = {isa = PBXBuildFile; fileRef = 3221EF862835CC4500A6FCCD /* AdvancedMacrosMethod.swift */; };
		3221EF892835E89500A6FCCD /* AdvancedSearchViewController.swift in Sources */ = {isa = PBXBuildFile; fileRef = 3221EF882835E89400A6FCCD /* AdvancedSearchViewController.swift */; };
		3221EF8B2835F01600A6FCCD /* AdvancedCell.swift in Sources */ = {isa = PBXBuildFile; fileRef = 3221EF8A2835F01600A6FCCD /* AdvancedCell.swift */; };
		32289FF9285842C100D0BE1D /* SavedViewController.swift in Sources */ = {isa = PBXBuildFile; fileRef = 32289FF8285842C100D0BE1D /* SavedViewController.swift */; };
		32289FFB285843AD00D0BE1D /* HistoryViewController.swift in Sources */ = {isa = PBXBuildFile; fileRef = 32289FFA285843AD00D0BE1D /* HistoryViewController.swift */; };
		32289FFD285843CD00D0BE1D /* FavoritesViewController.swift in Sources */ = {isa = PBXBuildFile; fileRef = 32289FFC285843CD00D0BE1D /* FavoritesViewController.swift */; };
		32289FFF2858EEF700D0BE1D /* APIKeys.swift in Sources */ = {isa = PBXBuildFile; fileRef = 32289FFE2858EEF700D0BE1D /* APIKeys.swift */; };
		32441EFB2827711E00DA426F /* Divider.swift in Sources */ = {isa = PBXBuildFile; fileRef = 32441EFA2827711E00DA426F /* Divider.swift */; };
		324C61F0285D02ED007226D2 /* MessageView.swift in Sources */ = {isa = PBXBuildFile; fileRef = 324C61EF285D02ED007226D2 /* MessageView.swift */; };
		325678F4283F2FDE00D32646 /* LargeLabel.swift in Sources */ = {isa = PBXBuildFile; fileRef = 325678F3283F2FDE00D32646 /* LargeLabel.swift */; };
		326F9F8B281D099C0086BA53 /* IngredientListViewController.swift in Sources */ = {isa = PBXBuildFile; fileRef = 326F9F8A281D099C0086BA53 /* IngredientListViewController.swift */; };
		326F9F9D282216C60086BA53 /* RecipeView.swift in Sources */ = {isa = PBXBuildFile; fileRef = 326F9F9C282216C60086BA53 /* RecipeView.swift */; };
		326F9FA1282223EB0086BA53 /* RecipeViewController.swift in Sources */ = {isa = PBXBuildFile; fileRef = 326F9FA0282223EB0086BA53 /* RecipeViewController.swift */; };
		326F9FA32822298F0086BA53 /* ModalViewController.swift in Sources */ = {isa = PBXBuildFile; fileRef = 326F9FA22822298F0086BA53 /* ModalViewController.swift */; };
		3272D3C52844823600D168BB /* FilterViewController.swift in Sources */ = {isa = PBXBuildFile; fileRef = 3272D3C42844823600D168BB /* FilterViewController.swift */; };
		3272D3C7284490DD00D168BB /* FilterOptions.swift in Sources */ = {isa = PBXBuildFile; fileRef = 3272D3C6284490DD00D168BB /* FilterOptions.swift */; };
		3272D3CB28452C9900D168BB /* UIView-DidToggle.swift in Sources */ = {isa = PBXBuildFile; fileRef = 3272D3CA28452C9900D168BB /* UIView-DidToggle.swift */; };
		32761020282A12C7005346D4 /* MacrosModal.swift in Sources */ = {isa = PBXBuildFile; fileRef = 3276101F282A12C7005346D4 /* MacrosModal.swift */; };
		32761022282A12D8005346D4 /* SummaryModal.swift in Sources */ = {isa = PBXBuildFile; fileRef = 32761021282A12D8005346D4 /* SummaryModal.swift */; };
		32761024282A12EF005346D4 /* IngredientsModal.swift in Sources */ = {isa = PBXBuildFile; fileRef = 32761023282A12EF005346D4 /* IngredientsModal.swift */; };
		3276102A282AE7FC005346D4 /* MacrosModel.swift in Sources */ = {isa = PBXBuildFile; fileRef = 32761029282AE7FC005346D4 /* MacrosModel.swift */; };
		3276102C282B0B4C005346D4 /* SCModal.swift in Sources */ = {isa = PBXBuildFile; fileRef = 3276102B282B0B4C005346D4 /* SCModal.swift */; };
		3276103B282CA643005346D4 /* MacrosLabelView.swift in Sources */ = {isa = PBXBuildFile; fileRef = 3276103A282CA643005346D4 /* MacrosLabelView.swift */; };
		3276103D282CB1C6005346D4 /* DietsModal.swift in Sources */ = {isa = PBXBuildFile; fileRef = 3276103C282CB1C6005346D4 /* DietsModal.swift */; };
		32761040282CB2AC005346D4 /* GeneralInfo.swift in Sources */ = {isa = PBXBuildFile; fileRef = 3276103F282CB2AC005346D4 /* GeneralInfo.swift */; };
		3276104F282CBC6B005346D4 /* DietsInfo.swift in Sources */ = {isa = PBXBuildFile; fileRef = 3276104E282CBC6B005346D4 /* DietsInfo.swift */; };
		32761051282CBFD6005346D4 /* CardBuilder.swift in Sources */ = {isa = PBXBuildFile; fileRef = 32761050282CBFD6005346D4 /* CardBuilder.swift */; };
		32761053282CC01B005346D4 /* GetInstructions.swift in Sources */ = {isa = PBXBuildFile; fileRef = 32761052282CC01B005346D4 /* GetInstructions.swift */; };
		327B59FB284FFCE3007495AA /* RecipeRowView.swift in Sources */ = {isa = PBXBuildFile; fileRef = 327B59FA284FFCE3007495AA /* RecipeRowView.swift */; };
		327B59FF285155A1007495AA /* ButtonActions.swift in Sources */ = {isa = PBXBuildFile; fileRef = 327B59FE285155A1007495AA /* ButtonActions.swift */; };
		327B5A032851568E007495AA /* GenerateDietsInfo.swift in Sources */ = {isa = PBXBuildFile; fileRef = 327B5A022851568E007495AA /* GenerateDietsInfo.swift */; };
		327B5A05285156D0007495AA /* GenerateGeneralInfo.swift in Sources */ = {isa = PBXBuildFile; fileRef = 327B5A04285156D0007495AA /* GenerateGeneralInfo.swift */; };
		327B5A0728515703007495AA /* GenerateIngredientsList.swift in Sources */ = {isa = PBXBuildFile; fileRef = 327B5A0628515703007495AA /* GenerateIngredientsList.swift */; };
		327B5A0928515722007495AA /* GenerateMacros.swift in Sources */ = {isa = PBXBuildFile; fileRef = 327B5A0828515722007495AA /* GenerateMacros.swift */; };
		327B5A0B28515750007495AA /* GenerateSummary.swift in Sources */ = {isa = PBXBuildFile; fileRef = 327B5A0A28515750007495AA /* GenerateSummary.swift */; };
		327B5A132851B2EA007495AA /* SpinnerViewController.swift in Sources */ = {isa = PBXBuildFile; fileRef = 327B5A122851B2EA007495AA /* SpinnerViewController.swift */; };
		327B5A1A2852245E007495AA /* ShowHideSpinner.swift in Sources */ = {isa = PBXBuildFile; fileRef = 327B5A192852245E007495AA /* ShowHideSpinner.swift */; };
		327B5A1D2852F557007495AA /* SortAndFilterActions.swift in Sources */ = {isa = PBXBuildFile; fileRef = 327B5A1C2852F557007495AA /* SortAndFilterActions.swift */; };
		327B5A1F2852F630007495AA /* SwipeActions.swift in Sources */ = {isa = PBXBuildFile; fileRef = 327B5A1E2852F630007495AA /* SwipeActions.swift */; };
		327B5A2328541417007495AA /* TabViewController.swift in Sources */ = {isa = PBXBuildFile; fileRef = 327B5A2228541417007495AA /* TabViewController.swift */; };
		327B5A2528541AD1007495AA /* SettingsViewController.swift in Sources */ = {isa = PBXBuildFile; fileRef = 327B5A2428541AD1007495AA /* SettingsViewController.swift */; };
		329C096D2836964100CECE6C /* LogInView.swift in Sources */ = {isa = PBXBuildFile; fileRef = 329C096C2836964100CECE6C /* LogInView.swift */; };
		329C096F2836966C00CECE6C /* SignUpView.swift in Sources */ = {isa = PBXBuildFile; fileRef = 329C096E2836966C00CECE6C /* SignUpView.swift */; };
		329C097328373CCC00CECE6C /* SettingsView.swift in Sources */ = {isa = PBXBuildFile; fileRef = 329C097228373CCC00CECE6C /* SettingsView.swift */; };
		329C09762837432B00CECE6C /* TextFieldDelegate.swift in Sources */ = {isa = PBXBuildFile; fileRef = 329C09752837432B00CECE6C /* TextFieldDelegate.swift */; };
		329C0978283744F600CECE6C /* LandingView.swift in Sources */ = {isa = PBXBuildFile; fileRef = 329C0977283744F600CECE6C /* LandingView.swift */; };
		329C097A28374CED00CECE6C /* LandingViewController.swift in Sources */ = {isa = PBXBuildFile; fileRef = 329C097928374CED00CECE6C /* LandingViewController.swift */; };
		329C097C28374D2800CECE6C /* TextOnlyButton.swift in Sources */ = {isa = PBXBuildFile; fileRef = 329C097B28374D2800CECE6C /* TextOnlyButton.swift */; };
		329F377E28336357004A758D /* AdvancedSearch.swift in Sources */ = {isa = PBXBuildFile; fileRef = 329F377D28336357004A758D /* AdvancedSearch.swift */; };
		329F3783283368E8004A758D /* AdvancedSearchRow.swift in Sources */ = {isa = PBXBuildFile; fileRef = 329F3782283368E8004A758D /* AdvancedSearchRow.swift */; };
		329F37882833C39F004A758D /* ToggleSwitch.swift in Sources */ = {isa = PBXBuildFile; fileRef = 329F37872833C39F004A758D /* ToggleSwitch.swift */; };
		329F378A2833C404004A758D /* Constants.swift in Sources */ = {isa = PBXBuildFile; fileRef = 329F37892833C404004A758D /* Constants.swift */; };
		32A8C3852805A0E40091D785 /* Instructions.swift in Sources */ = {isa = PBXBuildFile; fileRef = 32A8C3842805A0E40091D785 /* Instructions.swift */; };
		32AB724227FFE2CF00AF0E2A /* CardModel.swift in Sources */ = {isa = PBXBuildFile; fileRef = 32AB724127FFE2CF00AF0E2A /* CardModel.swift */; };
		32AB724A27FFEDA800AF0E2A /* Response.swift in Sources */ = {isa = PBXBuildFile; fileRef = 32AB724927FFEDA800AF0E2A /* Response.swift */; };
		32AB724C27FFEDCA00AF0E2A /* BasicSearch.swift in Sources */ = {isa = PBXBuildFile; fileRef = 32AB724B27FFEDCA00AF0E2A /* BasicSearch.swift */; };
		32BD7A3F28398C230055B9CF /* String-Folding.swift in Sources */ = {isa = PBXBuildFile; fileRef = 32BD7A3E28398C230055B9CF /* String-Folding.swift */; };
		32BD7A4128398DA80055B9CF /* NavController.swift in Sources */ = {isa = PBXBuildFile; fileRef = 32BD7A4028398DA80055B9CF /* NavController.swift */; };
		32BD7A482839BC650055B9CF /* CardCell.swift in Sources */ = {isa = PBXBuildFile; fileRef = 32BD7A472839BC650055B9CF /* CardCell.swift */; };
		32BD7A54283E55210055B9CF /* UIView-Blurry.swift in Sources */ = {isa = PBXBuildFile; fileRef = 32BD7A53283E55210055B9CF /* UIView-Blurry.swift */; };
		32C99135282EF80800667F65 /* SCLabel.swift in Sources */ = {isa = PBXBuildFile; fileRef = 32C99134282EF80800667F65 /* SCLabel.swift */; };
		32C9913B2830BCBF00667F65 /* FadeAnimation.swift in Sources */ = {isa = PBXBuildFile; fileRef = 32C9913A2830BCBF00667F65 /* FadeAnimation.swift */; };
		32D70DBD28073A80000328B9 /* StagedCardViewController.swift in Sources */ = {isa = PBXBuildFile; fileRef = 32D70DBC28073A80000328B9 /* StagedCardViewController.swift */; };
		32D70DC42807565B000328B9 /* CardContainerViewController.swift in Sources */ = {isa = PBXBuildFile; fileRef = 32D70DC32807565B000328B9 /* CardContainerViewController.swift */; };
		32D70DC82808BEE1000328B9 /* GetCookingViewController.swift in Sources */ = {isa = PBXBuildFile; fileRef = 32D70DC72808BEE1000328B9 /* GetCookingViewController.swift */; };
		32E0F40C2849AD2A008CA294 /* UILableKerning.swift in Sources */ = {isa = PBXBuildFile; fileRef = 32E0F40B2849AD2A008CA294 /* UILableKerning.swift */; };
		32E1916E285EEB5A00743E36 /* TestVC.swift in Sources */ = {isa = PBXBuildFile; fileRef = 32E1916D285EEB5A00743E36 /* TestVC.swift */; };
		32E19170285EED4B00743E36 /* SlideAnimation.swift in Sources */ = {isa = PBXBuildFile; fileRef = 32E1916F285EED4B00743E36 /* SlideAnimation.swift */; };
		32E191722860E62700743E36 /* MacrosViewController.swift in Sources */ = {isa = PBXBuildFile; fileRef = 32E191712860E62700743E36 /* MacrosViewController.swift */; };
		32E191762862048900743E36 /* MacroPickerView.swift in Sources */ = {isa = PBXBuildFile; fileRef = 32E191752862048900743E36 /* MacroPickerView.swift */; };
		32E1917828635BB100743E36 /* IncludeExcludeSeg.swift in Sources */ = {isa = PBXBuildFile; fileRef = 32E1917728635BB100743E36 /* IncludeExcludeSeg.swift */; };
		32E1917A286420F000743E36 /* UIView-ActivitySpinner.swift in Sources */ = {isa = PBXBuildFile; fileRef = 32E19179286420F000743E36 /* UIView-ActivitySpinner.swift */; };
/* End PBXBuildFile section */

/* Begin PBXFileReference section */
		32027D492829F68100F0F167 /* CalorieBreakdown.swift */ = {isa = PBXFileReference; lastKnownFileType = sourcecode.swift; path = CalorieBreakdown.swift; sourceTree = "<group>"; };
		32027D4B2829F6D900F0F167 /* Nutrition.swift */ = {isa = PBXFileReference; lastKnownFileType = sourcecode.swift; path = Nutrition.swift; sourceTree = "<group>"; };
		32027D4D282A038E00F0F167 /* Flavonoid.swift */ = {isa = PBXFileReference; lastKnownFileType = sourcecode.swift; path = Flavonoid.swift; sourceTree = "<group>"; };
		32027D4F282A03D900F0F167 /* WeightPerServing.swift */ = {isa = PBXFileReference; lastKnownFileType = sourcecode.swift; path = WeightPerServing.swift; sourceTree = "<group>"; };
		3214AC0F284B312D00474068 /* SignUpViewController.swift */ = {isa = PBXFileReference; lastKnownFileType = sourcecode.swift; path = SignUpViewController.swift; sourceTree = "<group>"; };
		3214AC11284B344100474068 /* AccountTextField.swift */ = {isa = PBXFileReference; lastKnownFileType = sourcecode.swift; path = AccountTextField.swift; sourceTree = "<group>"; };
		3214AC13284BE78600474068 /* LogInViewController.swift */ = {isa = PBXFileReference; lastKnownFileType = sourcecode.swift; path = LogInViewController.swift; sourceTree = "<group>"; };
		3214AC15284BED3100474068 /* SignWithAppleButton.swift */ = {isa = PBXFileReference; lastKnownFileType = sourcecode.swift; path = SignWithAppleButton.swift; sourceTree = "<group>"; };
		321E29EF2841F86D003BCC47 /* AdvancedMicrosCell.swift */ = {isa = PBXFileReference; lastKnownFileType = sourcecode.swift; path = AdvancedMicrosCell.swift; sourceTree = "<group>"; };
		321E29F32842059C003BCC47 /* MediumTextField.swift */ = {isa = PBXFileReference; lastKnownFileType = sourcecode.swift; path = MediumTextField.swift; sourceTree = "<group>"; };
		3221997D27FA5DB2003FD4F6 /* StagedCooking-Revisited.app */ = {isa = PBXFileReference; explicitFileType = wrapper.application; includeInIndex = 0; path = "StagedCooking-Revisited.app"; sourceTree = BUILT_PRODUCTS_DIR; };
		3221998027FA5DB2003FD4F6 /* AppDelegate.swift */ = {isa = PBXFileReference; lastKnownFileType = sourcecode.swift; path = AppDelegate.swift; sourceTree = "<group>"; };
		3221998427FA5DB2003FD4F6 /* SearchViewController.swift */ = {isa = PBXFileReference; lastKnownFileType = sourcecode.swift; path = SearchViewController.swift; sourceTree = "<group>"; };
		3221998927FA5DB3003FD4F6 /* Assets.xcassets */ = {isa = PBXFileReference; lastKnownFileType = folder.assetcatalog; path = Assets.xcassets; sourceTree = "<group>"; };
		3221998C27FA5DB3003FD4F6 /* Base */ = {isa = PBXFileReference; lastKnownFileType = file.storyboard; name = Base; path = Base.lproj/LaunchScreen.storyboard; sourceTree = "<group>"; };
		3221998E27FA5DB3003FD4F6 /* Info.plist */ = {isa = PBXFileReference; lastKnownFileType = text.plist.xml; path = Info.plist; sourceTree = "<group>"; };
		3221999D27FA5E77003FD4F6 /* NetworkAccess.swift */ = {isa = PBXFileReference; lastKnownFileType = sourcecode.swift; path = NetworkAccess.swift; sourceTree = "<group>"; };
		3221999F27FA5E99003FD4F6 /* EndPoints.swift */ = {isa = PBXFileReference; lastKnownFileType = sourcecode.swift; path = EndPoints.swift; sourceTree = "<group>"; };
		322199A127FA5EC2003FD4F6 /* JsonParser.swift */ = {isa = PBXFileReference; lastKnownFileType = sourcecode.swift; path = JsonParser.swift; sourceTree = "<group>"; };
		322199A327FA5ED8003FD4F6 /* DataProvider.swift */ = {isa = PBXFileReference; lastKnownFileType = sourcecode.swift; path = DataProvider.swift; sourceTree = "<group>"; };
		322199A527FA5EE3003FD4F6 /* NetworkDataFlow.swift */ = {isa = PBXFileReference; lastKnownFileType = sourcecode.swift; path = NetworkDataFlow.swift; sourceTree = "<group>"; };
		322199A827FA5F34003FD4F6 /* ChefDefault.swift */ = {isa = PBXFileReference; lastKnownFileType = sourcecode.swift; path = ChefDefault.swift; sourceTree = "<group>"; };
		322199AB27FA5F75003FD4F6 /* Recipe.swift */ = {isa = PBXFileReference; lastKnownFileType = sourcecode.swift; path = Recipe.swift; sourceTree = "<group>"; };
		322199AD27FA5FAA003FD4F6 /* RecipeSummary.swift */ = {isa = PBXFileReference; lastKnownFileType = sourcecode.swift; path = RecipeSummary.swift; sourceTree = "<group>"; };
		322199B327FA627A003FD4F6 /* Ingredient.swift */ = {isa = PBXFileReference; lastKnownFileType = sourcecode.swift; path = Ingredient.swift; sourceTree = "<group>"; };
		322199B527FA62C4003FD4F6 /* ExtendedIngredient.swift */ = {isa = PBXFileReference; lastKnownFileType = sourcecode.swift; path = ExtendedIngredient.swift; sourceTree = "<group>"; };
		322199B727FA6328003FD4F6 /* SearchView.swift */ = {isa = PBXFileReference; lastKnownFileType = sourcecode.swift; path = SearchView.swift; sourceTree = "<group>"; };
		322199BA27FA6407003FD4F6 /* RecipeCell.swift */ = {isa = PBXFileReference; lastKnownFileType = sourcecode.swift; path = RecipeCell.swift; sourceTree = "<group>"; };
		322199BC27FA6517003FD4F6 /* DetailsButton.swift */ = {isa = PBXFileReference; lastKnownFileType = sourcecode.swift; path = DetailsButton.swift; sourceTree = "<group>"; };
		322199BE27FA6567003FD4F6 /* LargeTextField.swift */ = {isa = PBXFileReference; lastKnownFileType = sourcecode.swift; path = LargeTextField.swift; sourceTree = "<group>"; };
		322199C027FA6608003FD4F6 /* RecipeListCollectionView.swift */ = {isa = PBXFileReference; lastKnownFileType = sourcecode.swift; path = RecipeListCollectionView.swift; sourceTree = "<group>"; };
		322199C327FA6A55003FD4F6 /* SearchResult.swift */ = {isa = PBXFileReference; lastKnownFileType = sourcecode.swift; path = SearchResult.swift; sourceTree = "<group>"; };
		322199C627FA6BB3003FD4F6 /* ImageURLProtocol.swift */ = {isa = PBXFileReference; lastKnownFileType = sourcecode.swift; path = ImageURLProtocol.swift; sourceTree = "<group>"; };
		322199C927FA6C2F003FD4F6 /* UIImage-Extension.swift */ = {isa = PBXFileReference; lastKnownFileType = sourcecode.swift; path = "UIImage-Extension.swift"; sourceTree = "<group>"; };
		322199CB27FA84CD003FD4F6 /* ViewController-Extensions.swift */ = {isa = PBXFileReference; lastKnownFileType = sourcecode.swift; path = "ViewController-Extensions.swift"; sourceTree = "<group>"; };
		3221EF602834474300A6FCCD /* Cuisine.swift */ = {isa = PBXFileReference; lastKnownFileType = sourcecode.swift; path = Cuisine.swift; sourceTree = "<group>"; };
		3221EF64283448FC00A6FCCD /* Diet.swift */ = {isa = PBXFileReference; lastKnownFileType = sourcecode.swift; path = Diet.swift; sourceTree = "<group>"; };
		3221EF66283449E400A6FCCD /* MealType.swift */ = {isa = PBXFileReference; lastKnownFileType = sourcecode.swift; path = MealType.swift; sourceTree = "<group>"; };
		3221EF6828344A9800A6FCCD /* AdvancedMacros.swift */ = {isa = PBXFileReference; lastKnownFileType = sourcecode.swift; path = AdvancedMacros.swift; sourceTree = "<group>"; };
		3221EF6A28344E9900A6FCCD /* IntolerancesSearch.swift */ = {isa = PBXFileReference; lastKnownFileType = sourcecode.swift; path = IntolerancesSearch.swift; sourceTree = "<group>"; };
		3221EF6E28349D1700A6FCCD /* MacrosTextField.swift */ = {isa = PBXFileReference; lastKnownFileType = sourcecode.swift; path = MacrosTextField.swift; sourceTree = "<group>"; };
		3221EF722834A47F00A6FCCD /* ActionButton.swift */ = {isa = PBXFileReference; lastKnownFileType = sourcecode.swift; path = ActionButton.swift; sourceTree = "<group>"; };
		3221EF79283511AC00A6FCCD /* EnumOptions.swift */ = {isa = PBXFileReference; lastKnownFileType = sourcecode.swift; path = EnumOptions.swift; sourceTree = "<group>"; };
		3221EF7C28352F5700A6FCCD /* IntolerantMethod.swift */ = {isa = PBXFileReference; lastKnownFileType = sourcecode.swift; path = IntolerantMethod.swift; sourceTree = "<group>"; };
		3221EF7E28355CEE00A6FCCD /* MealTypeMethod.swift */ = {isa = PBXFileReference; lastKnownFileType = sourcecode.swift; path = MealTypeMethod.swift; sourceTree = "<group>"; };
		3221EF8028355DFD00A6FCCD /* DietsMethod.swift */ = {isa = PBXFileReference; lastKnownFileType = sourcecode.swift; path = DietsMethod.swift; sourceTree = "<group>"; };
		3221EF82283565B000A6FCCD /* CuisinesMethod.swift */ = {isa = PBXFileReference; lastKnownFileType = sourcecode.swift; path = CuisinesMethod.swift; sourceTree = "<group>"; };
		3221EF862835CC4500A6FCCD /* AdvancedMacrosMethod.swift */ = {isa = PBXFileReference; lastKnownFileType = sourcecode.swift; path = AdvancedMacrosMethod.swift; sourceTree = "<group>"; };
		3221EF882835E89400A6FCCD /* AdvancedSearchViewController.swift */ = {isa = PBXFileReference; lastKnownFileType = sourcecode.swift; path = AdvancedSearchViewController.swift; sourceTree = "<group>"; };
		3221EF8A2835F01600A6FCCD /* AdvancedCell.swift */ = {isa = PBXFileReference; lastKnownFileType = sourcecode.swift; path = AdvancedCell.swift; sourceTree = "<group>"; };
		32289FF8285842C100D0BE1D /* SavedViewController.swift */ = {isa = PBXFileReference; lastKnownFileType = sourcecode.swift; path = SavedViewController.swift; sourceTree = "<group>"; };
		32289FFA285843AD00D0BE1D /* HistoryViewController.swift */ = {isa = PBXFileReference; lastKnownFileType = sourcecode.swift; path = HistoryViewController.swift; sourceTree = "<group>"; };
		32289FFC285843CD00D0BE1D /* FavoritesViewController.swift */ = {isa = PBXFileReference; lastKnownFileType = sourcecode.swift; path = FavoritesViewController.swift; sourceTree = "<group>"; };
		32289FFE2858EEF700D0BE1D /* APIKeys.swift */ = {isa = PBXFileReference; lastKnownFileType = sourcecode.swift; path = APIKeys.swift; sourceTree = "<group>"; };
		32441EFA2827711E00DA426F /* Divider.swift */ = {isa = PBXFileReference; lastKnownFileType = sourcecode.swift; path = Divider.swift; sourceTree = "<group>"; };
		324C61EF285D02ED007226D2 /* MessageView.swift */ = {isa = PBXFileReference; lastKnownFileType = sourcecode.swift; path = MessageView.swift; sourceTree = "<group>"; };
		325678F3283F2FDE00D32646 /* LargeLabel.swift */ = {isa = PBXFileReference; lastKnownFileType = sourcecode.swift; path = LargeLabel.swift; sourceTree = "<group>"; };
		3264D35E28386A3F00C06555 /* README.md */ = {isa = PBXFileReference; lastKnownFileType = net.daringfireball.markdown; path = README.md; sourceTree = "<group>"; };
		326F9F8A281D099C0086BA53 /* IngredientListViewController.swift */ = {isa = PBXFileReference; lastKnownFileType = sourcecode.swift; path = IngredientListViewController.swift; sourceTree = "<group>"; };
		326F9F9C282216C60086BA53 /* RecipeView.swift */ = {isa = PBXFileReference; lastKnownFileType = sourcecode.swift; path = RecipeView.swift; sourceTree = "<group>"; };
		326F9FA0282223EB0086BA53 /* RecipeViewController.swift */ = {isa = PBXFileReference; lastKnownFileType = sourcecode.swift; path = RecipeViewController.swift; sourceTree = "<group>"; };
		326F9FA22822298F0086BA53 /* ModalViewController.swift */ = {isa = PBXFileReference; lastKnownFileType = sourcecode.swift; path = ModalViewController.swift; sourceTree = "<group>"; };
		3272D3C42844823600D168BB /* FilterViewController.swift */ = {isa = PBXFileReference; lastKnownFileType = sourcecode.swift; path = FilterViewController.swift; sourceTree = "<group>"; };
		3272D3C6284490DD00D168BB /* FilterOptions.swift */ = {isa = PBXFileReference; lastKnownFileType = sourcecode.swift; path = FilterOptions.swift; sourceTree = "<group>"; };
		3272D3CA28452C9900D168BB /* UIView-DidToggle.swift */ = {isa = PBXFileReference; lastKnownFileType = sourcecode.swift; path = "UIView-DidToggle.swift"; sourceTree = "<group>"; };
		3276101F282A12C7005346D4 /* MacrosModal.swift */ = {isa = PBXFileReference; lastKnownFileType = sourcecode.swift; path = MacrosModal.swift; sourceTree = "<group>"; };
		32761021282A12D8005346D4 /* SummaryModal.swift */ = {isa = PBXFileReference; lastKnownFileType = sourcecode.swift; path = SummaryModal.swift; sourceTree = "<group>"; };
		32761023282A12EF005346D4 /* IngredientsModal.swift */ = {isa = PBXFileReference; lastKnownFileType = sourcecode.swift; path = IngredientsModal.swift; sourceTree = "<group>"; };
		32761029282AE7FC005346D4 /* MacrosModel.swift */ = {isa = PBXFileReference; lastKnownFileType = sourcecode.swift; path = MacrosModel.swift; sourceTree = "<group>"; };
		3276102B282B0B4C005346D4 /* SCModal.swift */ = {isa = PBXFileReference; lastKnownFileType = sourcecode.swift; path = SCModal.swift; sourceTree = "<group>"; };
		3276103A282CA643005346D4 /* MacrosLabelView.swift */ = {isa = PBXFileReference; lastKnownFileType = sourcecode.swift; path = MacrosLabelView.swift; sourceTree = "<group>"; };
		3276103C282CB1C6005346D4 /* DietsModal.swift */ = {isa = PBXFileReference; lastKnownFileType = sourcecode.swift; path = DietsModal.swift; sourceTree = "<group>"; };
		3276103F282CB2AC005346D4 /* GeneralInfo.swift */ = {isa = PBXFileReference; lastKnownFileType = sourcecode.swift; path = GeneralInfo.swift; sourceTree = "<group>"; };
		3276104E282CBC6B005346D4 /* DietsInfo.swift */ = {isa = PBXFileReference; lastKnownFileType = sourcecode.swift; path = DietsInfo.swift; sourceTree = "<group>"; };
		32761050282CBFD6005346D4 /* CardBuilder.swift */ = {isa = PBXFileReference; lastKnownFileType = sourcecode.swift; path = CardBuilder.swift; sourceTree = "<group>"; };
		32761052282CC01B005346D4 /* GetInstructions.swift */ = {isa = PBXFileReference; lastKnownFileType = sourcecode.swift; path = GetInstructions.swift; sourceTree = "<group>"; };
		327B59FA284FFCE3007495AA /* RecipeRowView.swift */ = {isa = PBXFileReference; lastKnownFileType = sourcecode.swift; path = RecipeRowView.swift; sourceTree = "<group>"; };
		327B59FE285155A1007495AA /* ButtonActions.swift */ = {isa = PBXFileReference; lastKnownFileType = sourcecode.swift; path = ButtonActions.swift; sourceTree = "<group>"; };
		327B5A022851568E007495AA /* GenerateDietsInfo.swift */ = {isa = PBXFileReference; lastKnownFileType = sourcecode.swift; path = GenerateDietsInfo.swift; sourceTree = "<group>"; };
		327B5A04285156D0007495AA /* GenerateGeneralInfo.swift */ = {isa = PBXFileReference; lastKnownFileType = sourcecode.swift; path = GenerateGeneralInfo.swift; sourceTree = "<group>"; };
		327B5A0628515703007495AA /* GenerateIngredientsList.swift */ = {isa = PBXFileReference; lastKnownFileType = sourcecode.swift; path = GenerateIngredientsList.swift; sourceTree = "<group>"; };
		327B5A0828515722007495AA /* GenerateMacros.swift */ = {isa = PBXFileReference; lastKnownFileType = sourcecode.swift; path = GenerateMacros.swift; sourceTree = "<group>"; };
		327B5A0A28515750007495AA /* GenerateSummary.swift */ = {isa = PBXFileReference; lastKnownFileType = sourcecode.swift; path = GenerateSummary.swift; sourceTree = "<group>"; };
		327B5A122851B2EA007495AA /* SpinnerViewController.swift */ = {isa = PBXFileReference; lastKnownFileType = sourcecode.swift; path = SpinnerViewController.swift; sourceTree = "<group>"; };
		327B5A192852245E007495AA /* ShowHideSpinner.swift */ = {isa = PBXFileReference; lastKnownFileType = sourcecode.swift; path = ShowHideSpinner.swift; sourceTree = "<group>"; };
		327B5A1C2852F557007495AA /* SortAndFilterActions.swift */ = {isa = PBXFileReference; lastKnownFileType = sourcecode.swift; path = SortAndFilterActions.swift; sourceTree = "<group>"; };
		327B5A1E2852F630007495AA /* SwipeActions.swift */ = {isa = PBXFileReference; lastKnownFileType = sourcecode.swift; path = SwipeActions.swift; sourceTree = "<group>"; };
		327B5A2228541417007495AA /* TabViewController.swift */ = {isa = PBXFileReference; lastKnownFileType = sourcecode.swift; path = TabViewController.swift; sourceTree = "<group>"; };
		327B5A2428541AD1007495AA /* SettingsViewController.swift */ = {isa = PBXFileReference; lastKnownFileType = sourcecode.swift; path = SettingsViewController.swift; sourceTree = "<group>"; };
		329C096C2836964100CECE6C /* LogInView.swift */ = {isa = PBXFileReference; lastKnownFileType = sourcecode.swift; path = LogInView.swift; sourceTree = "<group>"; };
		329C096E2836966C00CECE6C /* SignUpView.swift */ = {isa = PBXFileReference; lastKnownFileType = sourcecode.swift; path = SignUpView.swift; sourceTree = "<group>"; };
		329C097228373CCC00CECE6C /* SettingsView.swift */ = {isa = PBXFileReference; lastKnownFileType = sourcecode.swift; path = SettingsView.swift; sourceTree = "<group>"; };
		329C09752837432B00CECE6C /* TextFieldDelegate.swift */ = {isa = PBXFileReference; lastKnownFileType = sourcecode.swift; path = TextFieldDelegate.swift; sourceTree = "<group>"; };
		329C0977283744F600CECE6C /* LandingView.swift */ = {isa = PBXFileReference; lastKnownFileType = sourcecode.swift; path = LandingView.swift; sourceTree = "<group>"; };
		329C097928374CED00CECE6C /* LandingViewController.swift */ = {isa = PBXFileReference; lastKnownFileType = sourcecode.swift; path = LandingViewController.swift; sourceTree = "<group>"; };
		329C097B28374D2800CECE6C /* TextOnlyButton.swift */ = {isa = PBXFileReference; lastKnownFileType = sourcecode.swift; path = TextOnlyButton.swift; sourceTree = "<group>"; };
		329F377D28336357004A758D /* AdvancedSearch.swift */ = {isa = PBXFileReference; lastKnownFileType = sourcecode.swift; path = AdvancedSearch.swift; sourceTree = "<group>"; };
		329F3782283368E8004A758D /* AdvancedSearchRow.swift */ = {isa = PBXFileReference; lastKnownFileType = sourcecode.swift; path = AdvancedSearchRow.swift; sourceTree = "<group>"; };
		329F37872833C39F004A758D /* ToggleSwitch.swift */ = {isa = PBXFileReference; lastKnownFileType = sourcecode.swift; path = ToggleSwitch.swift; sourceTree = "<group>"; };
		329F37892833C404004A758D /* Constants.swift */ = {isa = PBXFileReference; lastKnownFileType = sourcecode.swift; path = Constants.swift; sourceTree = "<group>"; };
		32A8C3842805A0E40091D785 /* Instructions.swift */ = {isa = PBXFileReference; lastKnownFileType = sourcecode.swift; path = Instructions.swift; sourceTree = "<group>"; };
		32AB724127FFE2CF00AF0E2A /* CardModel.swift */ = {isa = PBXFileReference; lastKnownFileType = sourcecode.swift; path = CardModel.swift; sourceTree = "<group>"; };
		32AB724927FFEDA800AF0E2A /* Response.swift */ = {isa = PBXFileReference; lastKnownFileType = sourcecode.swift; path = Response.swift; sourceTree = "<group>"; };
		32AB724B27FFEDCA00AF0E2A /* BasicSearch.swift */ = {isa = PBXFileReference; lastKnownFileType = sourcecode.swift; path = BasicSearch.swift; sourceTree = "<group>"; };
		32BD7A3E28398C230055B9CF /* String-Folding.swift */ = {isa = PBXFileReference; lastKnownFileType = sourcecode.swift; path = "String-Folding.swift"; sourceTree = "<group>"; };
		32BD7A4028398DA80055B9CF /* NavController.swift */ = {isa = PBXFileReference; lastKnownFileType = sourcecode.swift; path = NavController.swift; sourceTree = "<group>"; };
		32BD7A472839BC650055B9CF /* CardCell.swift */ = {isa = PBXFileReference; lastKnownFileType = sourcecode.swift; path = CardCell.swift; sourceTree = "<group>"; };
		32BD7A53283E55210055B9CF /* UIView-Blurry.swift */ = {isa = PBXFileReference; lastKnownFileType = sourcecode.swift; path = "UIView-Blurry.swift"; sourceTree = "<group>"; };
		32C99134282EF80800667F65 /* SCLabel.swift */ = {isa = PBXFileReference; lastKnownFileType = sourcecode.swift; path = SCLabel.swift; sourceTree = "<group>"; };
		32C9913A2830BCBF00667F65 /* FadeAnimation.swift */ = {isa = PBXFileReference; lastKnownFileType = sourcecode.swift; path = FadeAnimation.swift; sourceTree = "<group>"; };
		32D70DBC28073A80000328B9 /* StagedCardViewController.swift */ = {isa = PBXFileReference; lastKnownFileType = sourcecode.swift; path = StagedCardViewController.swift; sourceTree = "<group>"; };
		32D70DC32807565B000328B9 /* CardContainerViewController.swift */ = {isa = PBXFileReference; lastKnownFileType = sourcecode.swift; path = CardContainerViewController.swift; sourceTree = "<group>"; };
		32D70DC72808BEE1000328B9 /* GetCookingViewController.swift */ = {isa = PBXFileReference; lastKnownFileType = sourcecode.swift; path = GetCookingViewController.swift; sourceTree = "<group>"; };
		32E0F40B2849AD2A008CA294 /* UILableKerning.swift */ = {isa = PBXFileReference; lastKnownFileType = sourcecode.swift; path = UILableKerning.swift; sourceTree = "<group>"; };
		32E1916D285EEB5A00743E36 /* TestVC.swift */ = {isa = PBXFileReference; lastKnownFileType = sourcecode.swift; path = TestVC.swift; sourceTree = "<group>"; };
		32E1916F285EED4B00743E36 /* SlideAnimation.swift */ = {isa = PBXFileReference; lastKnownFileType = sourcecode.swift; path = SlideAnimation.swift; sourceTree = "<group>"; };
		32E191712860E62700743E36 /* MacrosViewController.swift */ = {isa = PBXFileReference; lastKnownFileType = sourcecode.swift; path = MacrosViewController.swift; sourceTree = "<group>"; };
		32E191752862048900743E36 /* MacroPickerView.swift */ = {isa = PBXFileReference; lastKnownFileType = sourcecode.swift; path = MacroPickerView.swift; sourceTree = "<group>"; };
		32E1917728635BB100743E36 /* IncludeExcludeSeg.swift */ = {isa = PBXFileReference; lastKnownFileType = sourcecode.swift; path = IncludeExcludeSeg.swift; sourceTree = "<group>"; };
		32E19179286420F000743E36 /* UIView-ActivitySpinner.swift */ = {isa = PBXFileReference; lastKnownFileType = sourcecode.swift; path = "UIView-ActivitySpinner.swift"; sourceTree = "<group>"; };
/* End PBXFileReference section */

/* Begin PBXFrameworksBuildPhase section */
		3221997A27FA5DB2003FD4F6 /* Frameworks */ = {
			isa = PBXFrameworksBuildPhase;
			buildActionMask = 2147483647;
			files = (
			);
			runOnlyForDeploymentPostprocessing = 0;
		};
/* End PBXFrameworksBuildPhase section */

/* Begin PBXGroup section */
		32027D442829F56000F0F167 /* Nutrition */ = {
			isa = PBXGroup;
			children = (
				32027D4B2829F6D900F0F167 /* Nutrition.swift */,
				32027D492829F68100F0F167 /* CalorieBreakdown.swift */,
				32027D4D282A038E00F0F167 /* Flavonoid.swift */,
				32027D4F282A03D900F0F167 /* WeightPerServing.swift */,
				32761029282AE7FC005346D4 /* MacrosModel.swift */,
			);
			path = Nutrition;
			sourceTree = "<group>";
		};
		3221997427FA5DB2003FD4F6 = {
			isa = PBXGroup;
			children = (
				3221997F27FA5DB2003FD4F6 /* StagedCooking-Revisited */,
				3221997E27FA5DB2003FD4F6 /* Products */,
			);
			sourceTree = "<group>";
		};
		3221997E27FA5DB2003FD4F6 /* Products */ = {
			isa = PBXGroup;
			children = (
				3221997D27FA5DB2003FD4F6 /* StagedCooking-Revisited.app */,
			);
			name = Products;
			sourceTree = "<group>";
		};
		3221997F27FA5DB2003FD4F6 /* StagedCooking-Revisited */ = {
			isa = PBXGroup;
			children = (
				3264D35A28386A3100C06555 /* IgnoreFiles */,
				3221999427FA5DB9003FD4F6 /* SupportFiles */,
				3221999727FA5DF9003FD4F6 /* Models */,
				3221999627FA5DF1003FD4F6 /* Views */,
				3221999527FA5DE2003FD4F6 /* Controllers */,
				3221999827FA5E00003FD4F6 /* Networking */,
			);
			path = "StagedCooking-Revisited";
			sourceTree = "<group>";
		};
		3221999427FA5DB9003FD4F6 /* SupportFiles */ = {
			isa = PBXGroup;
			children = (
				322199C827FA6C1C003FD4F6 /* Extensions */,
				322199C527FA6B9B003FD4F6 /* Protocols-Delegates */,
				3221998027FA5DB2003FD4F6 /* AppDelegate.swift */,
				329F37892833C404004A758D /* Constants.swift */,
				3221998927FA5DB3003FD4F6 /* Assets.xcassets */,
				3221998E27FA5DB3003FD4F6 /* Info.plist */,
				3221998B27FA5DB3003FD4F6 /* LaunchScreen.storyboard */,
			);
			name = SupportFiles;
			sourceTree = "<group>";
		};
		3221999527FA5DE2003FD4F6 /* Controllers */ = {
			isa = PBXGroup;
			children = (
				327B5A142851B40D007495AA /* SystemVCs */,
				322199D327FA975E003FD4F6 /* SearchVCs */,
				322199D427FA9771003FD4F6 /* CollectionVCs */,
				322199D527FA9790003FD4F6 /* RecipeVCs */,
				32D70DBB28073A53000328B9 /* StagedCards */,
				329C097428373D0600CECE6C /* AccountVCs */,
				32E1916D285EEB5A00743E36 /* TestVC.swift */,
			);
			path = Controllers;
			sourceTree = "<group>";
		};
		3221999627FA5DF1003FD4F6 /* Views */ = {
			isa = PBXGroup;
			children = (
				329C096B2836962F00CECE6C /* AccountViews */,
				322199B927FA63EA003FD4F6 /* Elements */,
				322199CF27FA96FD003FD4F6 /* SearchViews */,
				322199D027FA9715003FD4F6 /* RecipeViews */,
				3276101E282A12A8005346D4 /* Modals */,
			);
			path = Views;
			sourceTree = "<group>";
		};
		3221999727FA5DF9003FD4F6 /* Models */ = {
			isa = PBXGroup;
			children = (
				322199AA27FA5F67003FD4F6 /* RecipeModels */,
				322199A727FA5F23003FD4F6 /* AppData */,
			);
			path = Models;
			sourceTree = "<group>";
		};
		3221999827FA5E00003FD4F6 /* Networking */ = {
			isa = PBXGroup;
			children = (
				3221999C27FA5E4B003FD4F6 /* NetworkAccess */,
				3221999B27FA5E43003FD4F6 /* EndPoints */,
				3221999A27FA5E31003FD4F6 /* Parsing */,
				3221999927FA5E24003FD4F6 /* DataProvider */,
			);
			path = Networking;
			sourceTree = "<group>";
		};
		3221999927FA5E24003FD4F6 /* DataProvider */ = {
			isa = PBXGroup;
			children = (
				322199A327FA5ED8003FD4F6 /* DataProvider.swift */,
				322199A527FA5EE3003FD4F6 /* NetworkDataFlow.swift */,
			);
			path = DataProvider;
			sourceTree = "<group>";
		};
		3221999A27FA5E31003FD4F6 /* Parsing */ = {
			isa = PBXGroup;
			children = (
				322199A127FA5EC2003FD4F6 /* JsonParser.swift */,
			);
			path = Parsing;
			sourceTree = "<group>";
		};
		3221999B27FA5E43003FD4F6 /* EndPoints */ = {
			isa = PBXGroup;
			children = (
				3221999F27FA5E99003FD4F6 /* EndPoints.swift */,
			);
			path = EndPoints;
			sourceTree = "<group>";
		};
		3221999C27FA5E4B003FD4F6 /* NetworkAccess */ = {
			isa = PBXGroup;
			children = (
				3221999D27FA5E77003FD4F6 /* NetworkAccess.swift */,
			);
			path = NetworkAccess;
			sourceTree = "<group>";
		};
		322199A727FA5F23003FD4F6 /* AppData */ = {
			isa = PBXGroup;
			children = (
				322199A827FA5F34003FD4F6 /* ChefDefault.swift */,
				32AB724127FFE2CF00AF0E2A /* CardModel.swift */,
			);
			path = AppData;
			sourceTree = "<group>";
		};
		322199AA27FA5F67003FD4F6 /* RecipeModels */ = {
			isa = PBXGroup;
			children = (
				3221EF622834487C00A6FCCD /* Search */,
				3276103E282CB297005346D4 /* ModalModels */,
				32027D442829F56000F0F167 /* Nutrition */,
				32AB724727FFEA0B00AF0E2A /* Recipes */,
				32AB724827FFEA3200AF0E2A /* Instructions */,
				322199B227FA6260003FD4F6 /* Ingredient */,
			);
			path = RecipeModels;
			sourceTree = "<group>";
		};
		322199B227FA6260003FD4F6 /* Ingredient */ = {
			isa = PBXGroup;
			children = (
				322199B327FA627A003FD4F6 /* Ingredient.swift */,
				322199B527FA62C4003FD4F6 /* ExtendedIngredient.swift */,
			);
			path = Ingredient;
			sourceTree = "<group>";
		};
		322199B927FA63EA003FD4F6 /* Elements */ = {
			isa = PBXGroup;
			children = (
				3221EF782834A53800A6FCCD /* Misc */,
				3221EF772834A4BB00A6FCCD /* ChefInputs */,
				3221EF762834A4B200A6FCCD /* Cells */,
				3221EF752834A49800A6FCCD /* Labels */,
				3221EF742834A48500A6FCCD /* Buttons */,
			);
			path = Elements;
			sourceTree = "<group>";
		};
		322199C227FA6A45003FD4F6 /* SearchResults */ = {
			isa = PBXGroup;
			children = (
				32AB724B27FFEDCA00AF0E2A /* BasicSearch.swift */,
				32AB724927FFEDA800AF0E2A /* Response.swift */,
				322199C327FA6A55003FD4F6 /* SearchResult.swift */,
			);
			path = SearchResults;
			sourceTree = "<group>";
		};
		322199C527FA6B9B003FD4F6 /* Protocols-Delegates */ = {
			isa = PBXGroup;
			children = (
				322199C627FA6BB3003FD4F6 /* ImageURLProtocol.swift */,
			);
			name = "Protocols-Delegates";
			sourceTree = "<group>";
		};
		322199C827FA6C1C003FD4F6 /* Extensions */ = {
			isa = PBXGroup;
			children = (
				3272D3CE28452CF500D168BB /* UITextField-Extensions */,
				3272D3CD28452CDF00D168BB /* UIViewController-Extensions */,
				3272D3CC28452CC500D168BB /* UIView-Extensions */,
			);
			name = Extensions;
			sourceTree = "<group>";
		};
		322199CF27FA96FD003FD4F6 /* SearchViews */ = {
			isa = PBXGroup;
			children = (
				329F377D28336357004A758D /* AdvancedSearch.swift */,
				322199B727FA6328003FD4F6 /* SearchView.swift */,
			);
			path = SearchViews;
			sourceTree = "<group>";
		};
		322199D027FA9715003FD4F6 /* RecipeViews */ = {
			isa = PBXGroup;
			children = (
				326F9F9C282216C60086BA53 /* RecipeView.swift */,
			);
			path = RecipeViews;
			sourceTree = "<group>";
		};
		322199D327FA975E003FD4F6 /* SearchVCs */ = {
			isa = PBXGroup;
			children = (
				32289FF7285842A900D0BE1D /* ChefDefaultViewControllers */,
				329F37842833BC19004A758D /* AdvancedSearchVCs */,
				3221998427FA5DB2003FD4F6 /* SearchViewController.swift */,
			);
			path = SearchVCs;
			sourceTree = "<group>";
		};
		322199D427FA9771003FD4F6 /* CollectionVCs */ = {
			isa = PBXGroup;
			children = (
				322199C027FA6608003FD4F6 /* RecipeListCollectionView.swift */,
				327B5A1B2852F52A007495AA /* RecipeCollectionExtension */,
			);
			path = CollectionVCs;
			sourceTree = "<group>";
		};
		322199D527FA9790003FD4F6 /* RecipeVCs */ = {
			isa = PBXGroup;
			children = (
				326F9FA0282223EB0086BA53 /* RecipeViewController.swift */,
				326F9FA22822298F0086BA53 /* ModalViewController.swift */,
				327B5A0F28516464007495AA /* RecipeViewMethods */,
				32761055282CC0F6005346D4 /* CardMethods */,
			);
			path = RecipeVCs;
			sourceTree = "<group>";
		};
		3221EF622834487C00A6FCCD /* Search */ = {
			isa = PBXGroup;
			children = (
				3221EF632834488700A6FCCD /* AdvancedSearch */,
				322199C227FA6A45003FD4F6 /* SearchResults */,
			);
			path = Search;
			sourceTree = "<group>";
		};
		3221EF632834488700A6FCCD /* AdvancedSearch */ = {
			isa = PBXGroup;
			children = (
				3221EF602834474300A6FCCD /* Cuisine.swift */,
				3221EF64283448FC00A6FCCD /* Diet.swift */,
				3221EF6A28344E9900A6FCCD /* IntolerancesSearch.swift */,
				3221EF6828344A9800A6FCCD /* AdvancedMacros.swift */,
				3221EF66283449E400A6FCCD /* MealType.swift */,
				3221EF79283511AC00A6FCCD /* EnumOptions.swift */,
				3272D3C6284490DD00D168BB /* FilterOptions.swift */,
			);
			path = AdvancedSearch;
			sourceTree = "<group>";
		};
		3221EF742834A48500A6FCCD /* Buttons */ = {
			isa = PBXGroup;
			children = (
				3214AC15284BED3100474068 /* SignWithAppleButton.swift */,
				3221EF722834A47F00A6FCCD /* ActionButton.swift */,
				322199BC27FA6517003FD4F6 /* DetailsButton.swift */,
				329C097B28374D2800CECE6C /* TextOnlyButton.swift */,
			);
			path = Buttons;
			sourceTree = "<group>";
		};
		3221EF752834A49800A6FCCD /* Labels */ = {
			isa = PBXGroup;
			children = (
				3276103A282CA643005346D4 /* MacrosLabelView.swift */,
				32C99134282EF80800667F65 /* SCLabel.swift */,
				327B59FA284FFCE3007495AA /* RecipeRowView.swift */,
				325678F3283F2FDE00D32646 /* LargeLabel.swift */,
			);
			path = Labels;
			sourceTree = "<group>";
		};
		3221EF762834A4B200A6FCCD /* Cells */ = {
			isa = PBXGroup;
			children = (
				322199BA27FA6407003FD4F6 /* RecipeCell.swift */,
				3221EF8A2835F01600A6FCCD /* AdvancedCell.swift */,
				32BD7A472839BC650055B9CF /* CardCell.swift */,
				321E29EF2841F86D003BCC47 /* AdvancedMicrosCell.swift */,
			);
			path = Cells;
			sourceTree = "<group>";
		};
		3221EF772834A4BB00A6FCCD /* ChefInputs */ = {
			isa = PBXGroup;
			children = (
				329F37872833C39F004A758D /* ToggleSwitch.swift */,
				3221EF6E28349D1700A6FCCD /* MacrosTextField.swift */,
				322199BE27FA6567003FD4F6 /* LargeTextField.swift */,
				321E29F32842059C003BCC47 /* MediumTextField.swift */,
				3214AC11284B344100474068 /* AccountTextField.swift */,
				32E191752862048900743E36 /* MacroPickerView.swift */,
				32E1917728635BB100743E36 /* IncludeExcludeSeg.swift */,
			);
			path = ChefInputs;
			sourceTree = "<group>";
		};
		3221EF782834A53800A6FCCD /* Misc */ = {
			isa = PBXGroup;
			children = (
				324C61EF285D02ED007226D2 /* MessageView.swift */,
				329F3782283368E8004A758D /* AdvancedSearchRow.swift */,
				32441EFA2827711E00DA426F /* Divider.swift */,
				32BD7A4028398DA80055B9CF /* NavController.swift */,
			);
			path = Misc;
			sourceTree = "<group>";
		};
		3221EF7B28352F4300A6FCCD /* AdvancedSearchViewModels */ = {
			isa = PBXGroup;
			children = (
				3221EF7C28352F5700A6FCCD /* IntolerantMethod.swift */,
				3221EF7E28355CEE00A6FCCD /* MealTypeMethod.swift */,
				3221EF8028355DFD00A6FCCD /* DietsMethod.swift */,
				3221EF82283565B000A6FCCD /* CuisinesMethod.swift */,
				3221EF862835CC4500A6FCCD /* AdvancedMacrosMethod.swift */,
			);
			path = AdvancedSearchViewModels;
			sourceTree = "<group>";
		};
		32289FF7285842A900D0BE1D /* ChefDefaultViewControllers */ = {
			isa = PBXGroup;
			children = (
				32289FFA285843AD00D0BE1D /* HistoryViewController.swift */,
				32289FF8285842C100D0BE1D /* SavedViewController.swift */,
				32289FFC285843CD00D0BE1D /* FavoritesViewController.swift */,
			);
			path = ChefDefaultViewControllers;
			sourceTree = "<group>";
		};
		3264D35A28386A3100C06555 /* IgnoreFiles */ = {
			isa = PBXGroup;
			children = (
				3264D35E28386A3F00C06555 /* README.md */,
				32289FFE2858EEF700D0BE1D /* APIKeys.swift */,
			);
			path = IgnoreFiles;
			sourceTree = "<group>";
		};
		3272D3B62842BACF00D168BB /* RecipeModals */ = {
			isa = PBXGroup;
			children = (
				32761023282A12EF005346D4 /* IngredientsModal.swift */,
				32761021282A12D8005346D4 /* SummaryModal.swift */,
				3276101F282A12C7005346D4 /* MacrosModal.swift */,
				3276103C282CB1C6005346D4 /* DietsModal.swift */,
			);
			path = RecipeModals;
			sourceTree = "<group>";
		};
		3272D3CC28452CC500D168BB /* UIView-Extensions */ = {
			isa = PBXGroup;
			children = (
				322199C927FA6C2F003FD4F6 /* UIImage-Extension.swift */,
				32C9913A2830BCBF00667F65 /* FadeAnimation.swift */,
				32BD7A53283E55210055B9CF /* UIView-Blurry.swift */,
				3272D3CA28452C9900D168BB /* UIView-DidToggle.swift */,
				32E0F40B2849AD2A008CA294 /* UILableKerning.swift */,
				32E1916F285EED4B00743E36 /* SlideAnimation.swift */,
				32E19179286420F000743E36 /* UIView-ActivitySpinner.swift */,
			);
			name = "UIView-Extensions";
			sourceTree = "<group>";
		};
		3272D3CD28452CDF00D168BB /* UIViewController-Extensions */ = {
			isa = PBXGroup;
			children = (
				322199CB27FA84CD003FD4F6 /* ViewController-Extensions.swift */,
				327B5A192852245E007495AA /* ShowHideSpinner.swift */,
			);
			name = "UIViewController-Extensions";
			sourceTree = "<group>";
		};
		3272D3CE28452CF500D168BB /* UITextField-Extensions */ = {
			isa = PBXGroup;
			children = (
				32BD7A3E28398C230055B9CF /* String-Folding.swift */,
				329C09752837432B00CECE6C /* TextFieldDelegate.swift */,
			);
			name = "UITextField-Extensions";
			sourceTree = "<group>";
		};
		3276101E282A12A8005346D4 /* Modals */ = {
			isa = PBXGroup;
			children = (
				3276102B282B0B4C005346D4 /* SCModal.swift */,
				3272D3B62842BACF00D168BB /* RecipeModals */,
			);
			path = Modals;
			sourceTree = "<group>";
		};
		3276103E282CB297005346D4 /* ModalModels */ = {
			isa = PBXGroup;
			children = (
				3276103F282CB2AC005346D4 /* GeneralInfo.swift */,
				3276104E282CBC6B005346D4 /* DietsInfo.swift */,
			);
			path = ModalModels;
			sourceTree = "<group>";
		};
		32761055282CC0F6005346D4 /* CardMethods */ = {
			isa = PBXGroup;
			children = (
				32761052282CC01B005346D4 /* GetInstructions.swift */,
				32761050282CBFD6005346D4 /* CardBuilder.swift */,
			);
			name = CardMethods;
			path = ../RecipeViewMethods;
			sourceTree = "<group>";
		};
		327B5A0F28516464007495AA /* RecipeViewMethods */ = {
			isa = PBXGroup;
			children = (
				327B59FE285155A1007495AA /* ButtonActions.swift */,
				327B5A022851568E007495AA /* GenerateDietsInfo.swift */,
				327B5A04285156D0007495AA /* GenerateGeneralInfo.swift */,
				327B5A0628515703007495AA /* GenerateIngredientsList.swift */,
				327B5A0828515722007495AA /* GenerateMacros.swift */,
				327B5A0A28515750007495AA /* GenerateSummary.swift */,
			);
			path = RecipeViewMethods;
			sourceTree = "<group>";
		};
		327B5A142851B40D007495AA /* SystemVCs */ = {
			isa = PBXGroup;
			children = (
				327B5A122851B2EA007495AA /* SpinnerViewController.swift */,
				327B5A2228541417007495AA /* TabViewController.swift */,
			);
			path = SystemVCs;
			sourceTree = "<group>";
		};
		327B5A1B2852F52A007495AA /* RecipeCollectionExtension */ = {
			isa = PBXGroup;
			children = (
				327B5A1C2852F557007495AA /* SortAndFilterActions.swift */,
				327B5A1E2852F630007495AA /* SwipeActions.swift */,
			);
			path = RecipeCollectionExtension;
			sourceTree = "<group>";
		};
		329C096B2836962F00CECE6C /* AccountViews */ = {
			isa = PBXGroup;
			children = (
				329C0977283744F600CECE6C /* LandingView.swift */,
				329C096C2836964100CECE6C /* LogInView.swift */,
				329C096E2836966C00CECE6C /* SignUpView.swift */,
				329C097228373CCC00CECE6C /* SettingsView.swift */,
			);
			path = AccountViews;
			sourceTree = "<group>";
		};
		329C097428373D0600CECE6C /* AccountVCs */ = {
			isa = PBXGroup;
			children = (
				329C097928374CED00CECE6C /* LandingViewController.swift */,
				3214AC13284BE78600474068 /* LogInViewController.swift */,
				3214AC0F284B312D00474068 /* SignUpViewController.swift */,
				327B5A2428541AD1007495AA /* SettingsViewController.swift */,
			);
			path = AccountVCs;
			sourceTree = "<group>";
		};
		329F37842833BC19004A758D /* AdvancedSearchVCs */ = {
			isa = PBXGroup;
			children = (
				3221EF882835E89400A6FCCD /* AdvancedSearchViewController.swift */,
				3272D3C42844823600D168BB /* FilterViewController.swift */,
				32E191712860E62700743E36 /* MacrosViewController.swift */,
				3221EF7B28352F4300A6FCCD /* AdvancedSearchViewModels */,
			);
			path = AdvancedSearchVCs;
			sourceTree = "<group>";
		};
		32AB724727FFEA0B00AF0E2A /* Recipes */ = {
			isa = PBXGroup;
			children = (
				322199AB27FA5F75003FD4F6 /* Recipe.swift */,
				322199AD27FA5FAA003FD4F6 /* RecipeSummary.swift */,
			);
			path = Recipes;
			sourceTree = "<group>";
		};
		32AB724827FFEA3200AF0E2A /* Instructions */ = {
			isa = PBXGroup;
			children = (
				32A8C3842805A0E40091D785 /* Instructions.swift */,
			);
			path = Instructions;
			sourceTree = "<group>";
		};
		32D70DBB28073A53000328B9 /* StagedCards */ = {
			isa = PBXGroup;
			children = (
				32D70DC72808BEE1000328B9 /* GetCookingViewController.swift */,
				326F9F8A281D099C0086BA53 /* IngredientListViewController.swift */,
				32D70DBC28073A80000328B9 /* StagedCardViewController.swift */,
				32D70DC32807565B000328B9 /* CardContainerViewController.swift */,
			);
			path = StagedCards;
			sourceTree = "<group>";
		};
/* End PBXGroup section */

/* Begin PBXNativeTarget section */
		3221997C27FA5DB2003FD4F6 /* StagedCooking-Revisited */ = {
			isa = PBXNativeTarget;
			buildConfigurationList = 3221999127FA5DB3003FD4F6 /* Build configuration list for PBXNativeTarget "StagedCooking-Revisited" */;
			buildPhases = (
				3221997927FA5DB2003FD4F6 /* Sources */,
				3221997A27FA5DB2003FD4F6 /* Frameworks */,
				3221997B27FA5DB2003FD4F6 /* Resources */,
			);
			buildRules = (
			);
			dependencies = (
			);
			name = "StagedCooking-Revisited";
			packageProductDependencies = (
			);
			productName = "StagedCooking-Revisited";
			productReference = 3221997D27FA5DB2003FD4F6 /* StagedCooking-Revisited.app */;
			productType = "com.apple.product-type.application";
		};
/* End PBXNativeTarget section */

/* Begin PBXProject section */
		3221997527FA5DB2003FD4F6 /* Project object */ = {
			isa = PBXProject;
			attributes = {
				BuildIndependentTargetsInParallel = 1;
				LastSwiftUpdateCheck = 1330;
				LastUpgradeCheck = 1330;
				TargetAttributes = {
					3221997C27FA5DB2003FD4F6 = {
						CreatedOnToolsVersion = 13.3;
					};
				};
			};
			buildConfigurationList = 3221997827FA5DB2003FD4F6 /* Build configuration list for PBXProject "StagedCooking-Revisited" */;
			compatibilityVersion = "Xcode 12.0";
			developmentRegion = en;
			hasScannedForEncodings = 0;
			knownRegions = (
				en,
				Base,
			);
			mainGroup = 3221997427FA5DB2003FD4F6;
			packageReferences = (
			);
			productRefGroup = 3221997E27FA5DB2003FD4F6 /* Products */;
			projectDirPath = "";
			projectRoot = "";
			targets = (
				3221997C27FA5DB2003FD4F6 /* StagedCooking-Revisited */,
			);
		};
/* End PBXProject section */

/* Begin PBXResourcesBuildPhase section */
		3221997B27FA5DB2003FD4F6 /* Resources */ = {
			isa = PBXResourcesBuildPhase;
			buildActionMask = 2147483647;
			files = (
				3221998D27FA5DB3003FD4F6 /* LaunchScreen.storyboard in Resources */,
				3221998A27FA5DB3003FD4F6 /* Assets.xcassets in Resources */,
			);
			runOnlyForDeploymentPostprocessing = 0;
		};
/* End PBXResourcesBuildPhase section */

/* Begin PBXSourcesBuildPhase section */
		3221997927FA5DB2003FD4F6 /* Sources */ = {
			isa = PBXSourcesBuildPhase;
			buildActionMask = 2147483647;
			files = (
				327B59FB284FFCE3007495AA /* RecipeRowView.swift in Sources */,
				322199BB27FA6407003FD4F6 /* RecipeCell.swift in Sources */,
				322199A627FA5EE3003FD4F6 /* NetworkDataFlow.swift in Sources */,
				32027D4C2829F6D900F0F167 /* Nutrition.swift in Sources */,
				322199A427FA5ED8003FD4F6 /* DataProvider.swift in Sources */,
				32E1916E285EEB5A00743E36 /* TestVC.swift in Sources */,
				3221999E27FA5E77003FD4F6 /* NetworkAccess.swift in Sources */,
				329C097328373CCC00CECE6C /* SettingsView.swift in Sources */,
				32761051282CBFD6005346D4 /* CardBuilder.swift in Sources */,
				327B5A0B28515750007495AA /* GenerateSummary.swift in Sources */,
				3221EF6928344A9800A6FCCD /* AdvancedMacros.swift in Sources */,
				32E191722860E62700743E36 /* MacrosViewController.swift in Sources */,
				32289FFD285843CD00D0BE1D /* FavoritesViewController.swift in Sources */,
				32289FFB285843AD00D0BE1D /* HistoryViewController.swift in Sources */,
				327B5A1F2852F630007495AA /* SwipeActions.swift in Sources */,
				32BD7A4128398DA80055B9CF /* NavController.swift in Sources */,
				3214AC14284BE78600474068 /* LogInViewController.swift in Sources */,
				32BD7A54283E55210055B9CF /* UIView-Blurry.swift in Sources */,
				32C9913B2830BCBF00667F65 /* FadeAnimation.swift in Sources */,
				326F9FA32822298F0086BA53 /* ModalViewController.swift in Sources */,
				3221EF8128355DFD00A6FCCD /* DietsMethod.swift in Sources */,
				3214AC10284B312D00474068 /* SignUpViewController.swift in Sources */,
				322199A227FA5EC2003FD4F6 /* JsonParser.swift in Sources */,
				327B5A05285156D0007495AA /* GenerateGeneralInfo.swift in Sources */,
				3221EF732834A47F00A6FCCD /* ActionButton.swift in Sources */,
				3221EF7A283511AC00A6FCCD /* EnumOptions.swift in Sources */,
				32761053282CC01B005346D4 /* GetInstructions.swift in Sources */,
				32027D50282A03D900F0F167 /* WeightPerServing.swift in Sources */,
				32AB724227FFE2CF00AF0E2A /* CardModel.swift in Sources */,
				322199B627FA62C4003FD4F6 /* ExtendedIngredient.swift in Sources */,
				32761040282CB2AC005346D4 /* GeneralInfo.swift in Sources */,
				324C61F0285D02ED007226D2 /* MessageView.swift in Sources */,
				32E1917A286420F000743E36 /* UIView-ActivitySpinner.swift in Sources */,
				327B5A2328541417007495AA /* TabViewController.swift in Sources */,
				329C097A28374CED00CECE6C /* LandingViewController.swift in Sources */,
				32027D4A2829F68100F0F167 /* CalorieBreakdown.swift in Sources */,
				322199C127FA6608003FD4F6 /* RecipeListCollectionView.swift in Sources */,
				3221EF872835CC4500A6FCCD /* AdvancedMacrosMethod.swift in Sources */,
				32C99135282EF80800667F65 /* SCLabel.swift in Sources */,
				32D70DC82808BEE1000328B9 /* GetCookingViewController.swift in Sources */,
				3221EF892835E89500A6FCCD /* AdvancedSearchViewController.swift in Sources */,
				3221998527FA5DB2003FD4F6 /* SearchViewController.swift in Sources */,
				329C096F2836966C00CECE6C /* SignUpView.swift in Sources */,
				32A8C3852805A0E40091D785 /* Instructions.swift in Sources */,
				32BD7A482839BC650055B9CF /* CardCell.swift in Sources */,
				3221EF7D28352F5700A6FCCD /* IntolerantMethod.swift in Sources */,
				326F9F9D282216C60086BA53 /* RecipeView.swift in Sources */,
				327B5A132851B2EA007495AA /* SpinnerViewController.swift in Sources */,
				322199BD27FA6517003FD4F6 /* DetailsButton.swift in Sources */,
				32E19170285EED4B00743E36 /* SlideAnimation.swift in Sources */,
				3214AC16284BED3100474068 /* SignWithAppleButton.swift in Sources */,
				321E29F02841F86D003BCC47 /* AdvancedMicrosCell.swift in Sources */,
				3272D3CB28452C9900D168BB /* UIView-DidToggle.swift in Sources */,
				327B5A0728515703007495AA /* GenerateIngredientsList.swift in Sources */,
				3272D3C7284490DD00D168BB /* FilterOptions.swift in Sources */,
				3276102A282AE7FC005346D4 /* MacrosModel.swift in Sources */,
				3276104F282CBC6B005346D4 /* DietsInfo.swift in Sources */,
				329F3783283368E8004A758D /* AdvancedSearchRow.swift in Sources */,
				325678F4283F2FDE00D32646 /* LargeLabel.swift in Sources */,
				329C09762837432B00CECE6C /* TextFieldDelegate.swift in Sources */,
				32D70DC42807565B000328B9 /* CardContainerViewController.swift in Sources */,
				326F9FA1282223EB0086BA53 /* RecipeViewController.swift in Sources */,
				327B59FF285155A1007495AA /* ButtonActions.swift in Sources */,
				322199C427FA6A55003FD4F6 /* SearchResult.swift in Sources */,
				327B5A0928515722007495AA /* GenerateMacros.swift in Sources */,
				3276102C282B0B4C005346D4 /* SCModal.swift in Sources */,
				327B5A2528541AD1007495AA /* SettingsViewController.swift in Sources */,
				322199A027FA5E99003FD4F6 /* EndPoints.swift in Sources */,
				32289FFF2858EEF700D0BE1D /* APIKeys.swift in Sources */,
				3272D3C52844823600D168BB /* FilterViewController.swift in Sources */,
				3221998127FA5DB2003FD4F6 /* AppDelegate.swift in Sources */,
				322199AC27FA5F75003FD4F6 /* Recipe.swift in Sources */,
				32761022282A12D8005346D4 /* SummaryModal.swift in Sources */,
				322199CA27FA6C2F003FD4F6 /* UIImage-Extension.swift in Sources */,
				329F378A2833C404004A758D /* Constants.swift in Sources */,
				32761020282A12C7005346D4 /* MacrosModal.swift in Sources */,
				3214AC12284B344100474068 /* AccountTextField.swift in Sources */,
				32027D4E282A038E00F0F167 /* Flavonoid.swift in Sources */,
				3276103B282CA643005346D4 /* MacrosLabelView.swift in Sources */,
				322199C727FA6BB3003FD4F6 /* ImageURLProtocol.swift in Sources */,
				3221EF67283449E400A6FCCD /* MealType.swift in Sources */,
				3221EF65283448FC00A6FCCD /* Diet.swift in Sources */,
				32AB724A27FFEDA800AF0E2A /* Response.swift in Sources */,
				32761024282A12EF005346D4 /* IngredientsModal.swift in Sources */,
				32D70DBD28073A80000328B9 /* StagedCardViewController.swift in Sources */,
				322199BF27FA6567003FD4F6 /* LargeTextField.swift in Sources */,
				329F37882833C39F004A758D /* ToggleSwitch.swift in Sources */,
				327B5A1D2852F557007495AA /* SortAndFilterActions.swift in Sources */,
				3221EF612834474300A6FCCD /* Cuisine.swift in Sources */,
				32289FF9285842C100D0BE1D /* SavedViewController.swift in Sources */,
				327B5A1A2852245E007495AA /* ShowHideSpinner.swift in Sources */,
				327B5A032851568E007495AA /* GenerateDietsInfo.swift in Sources */,
				322199B427FA627A003FD4F6 /* Ingredient.swift in Sources */,
				3221EF8B2835F01600A6FCCD /* AdvancedCell.swift in Sources */,
				322199B827FA6328003FD4F6 /* SearchView.swift in Sources */,
				32E1917828635BB100743E36 /* IncludeExcludeSeg.swift in Sources */,
				32E0F40C2849AD2A008CA294 /* UILableKerning.swift in Sources */,
				3276103D282CB1C6005346D4 /* DietsModal.swift in Sources */,
				32441EFB2827711E00DA426F /* Divider.swift in Sources */,
				32E191762862048900743E36 /* MacroPickerView.swift in Sources */,
				329F377E28336357004A758D /* AdvancedSearch.swift in Sources */,
				3221EF6B28344E9900A6FCCD /* IntolerancesSearch.swift in Sources */,
				322199AE27FA5FAA003FD4F6 /* RecipeSummary.swift in Sources */,
				32AB724C27FFEDCA00AF0E2A /* BasicSearch.swift in Sources */,
				329C0978283744F600CECE6C /* LandingView.swift in Sources */,
				321E29F42842059C003BCC47 /* MediumTextField.swift in Sources */,
				322199CC27FA84CD003FD4F6 /* ViewController-Extensions.swift in Sources */,
				3221EF6F28349D1700A6FCCD /* MacrosTextField.swift in Sources */,
				32BD7A3F28398C230055B9CF /* String-Folding.swift in Sources */,
				3221EF83283565B000A6FCCD /* CuisinesMethod.swift in Sources */,
				329C097C28374D2800CECE6C /* TextOnlyButton.swift in Sources */,
				322199A927FA5F34003FD4F6 /* ChefDefault.swift in Sources */,
				326F9F8B281D099C0086BA53 /* IngredientListViewController.swift in Sources */,
				3221EF7F28355CEE00A6FCCD /* MealTypeMethod.swift in Sources */,
				329C096D2836964100CECE6C /* LogInView.swift in Sources */,
			);
			runOnlyForDeploymentPostprocessing = 0;
		};
/* End PBXSourcesBuildPhase section */

/* Begin PBXVariantGroup section */
		3221998B27FA5DB3003FD4F6 /* LaunchScreen.storyboard */ = {
			isa = PBXVariantGroup;
			children = (
				3221998C27FA5DB3003FD4F6 /* Base */,
			);
			name = LaunchScreen.storyboard;
			sourceTree = "<group>";
		};
/* End PBXVariantGroup section */

/* Begin XCBuildConfiguration section */
		3221998F27FA5DB3003FD4F6 /* Debug */ = {
			isa = XCBuildConfiguration;
			buildSettings = {
				ALWAYS_SEARCH_USER_PATHS = NO;
				CLANG_ANALYZER_NONNULL = YES;
				CLANG_ANALYZER_NUMBER_OBJECT_CONVERSION = YES_AGGRESSIVE;
				CLANG_CXX_LANGUAGE_STANDARD = "gnu++17";
				CLANG_ENABLE_MODULES = YES;
				CLANG_ENABLE_OBJC_ARC = YES;
				CLANG_ENABLE_OBJC_WEAK = YES;
				CLANG_WARN_BLOCK_CAPTURE_AUTORELEASING = YES;
				CLANG_WARN_BOOL_CONVERSION = YES;
				CLANG_WARN_COMMA = YES;
				CLANG_WARN_CONSTANT_CONVERSION = YES;
				CLANG_WARN_DEPRECATED_OBJC_IMPLEMENTATIONS = YES;
				CLANG_WARN_DIRECT_OBJC_ISA_USAGE = YES_ERROR;
				CLANG_WARN_DOCUMENTATION_COMMENTS = YES;
				CLANG_WARN_EMPTY_BODY = YES;
				CLANG_WARN_ENUM_CONVERSION = YES;
				CLANG_WARN_INFINITE_RECURSION = YES;
				CLANG_WARN_INT_CONVERSION = YES;
				CLANG_WARN_NON_LITERAL_NULL_CONVERSION = YES;
				CLANG_WARN_OBJC_IMPLICIT_RETAIN_SELF = YES;
				CLANG_WARN_OBJC_LITERAL_CONVERSION = YES;
				CLANG_WARN_OBJC_ROOT_CLASS = YES_ERROR;
				CLANG_WARN_QUOTED_INCLUDE_IN_FRAMEWORK_HEADER = YES;
				CLANG_WARN_RANGE_LOOP_ANALYSIS = YES;
				CLANG_WARN_STRICT_PROTOTYPES = YES;
				CLANG_WARN_SUSPICIOUS_MOVE = YES;
				CLANG_WARN_UNGUARDED_AVAILABILITY = YES_AGGRESSIVE;
				CLANG_WARN_UNREACHABLE_CODE = YES;
				CLANG_WARN__DUPLICATE_METHOD_MATCH = YES;
				COPY_PHASE_STRIP = NO;
				DEBUG_INFORMATION_FORMAT = dwarf;
				ENABLE_STRICT_OBJC_MSGSEND = YES;
				ENABLE_TESTABILITY = YES;
				GCC_C_LANGUAGE_STANDARD = gnu11;
				GCC_DYNAMIC_NO_PIC = NO;
				GCC_NO_COMMON_BLOCKS = YES;
				GCC_OPTIMIZATION_LEVEL = 0;
				GCC_PREPROCESSOR_DEFINITIONS = (
					"DEBUG=1",
					"$(inherited)",
				);
				GCC_WARN_64_TO_32_BIT_CONVERSION = YES;
				GCC_WARN_ABOUT_RETURN_TYPE = YES_ERROR;
				GCC_WARN_UNDECLARED_SELECTOR = YES;
				GCC_WARN_UNINITIALIZED_AUTOS = YES_AGGRESSIVE;
				GCC_WARN_UNUSED_FUNCTION = YES;
				GCC_WARN_UNUSED_VARIABLE = YES;
				IPHONEOS_DEPLOYMENT_TARGET = 15.1;
				MTL_ENABLE_DEBUG_INFO = INCLUDE_SOURCE;
				MTL_FAST_MATH = YES;
				ONLY_ACTIVE_ARCH = YES;
				SDKROOT = iphoneos;
				SWIFT_ACTIVE_COMPILATION_CONDITIONS = DEBUG;
				SWIFT_OPTIMIZATION_LEVEL = "-Onone";
			};
			name = Debug;
		};
		3221999027FA5DB3003FD4F6 /* Release */ = {
			isa = XCBuildConfiguration;
			buildSettings = {
				ALWAYS_SEARCH_USER_PATHS = NO;
				CLANG_ANALYZER_NONNULL = YES;
				CLANG_ANALYZER_NUMBER_OBJECT_CONVERSION = YES_AGGRESSIVE;
				CLANG_CXX_LANGUAGE_STANDARD = "gnu++17";
				CLANG_ENABLE_MODULES = YES;
				CLANG_ENABLE_OBJC_ARC = YES;
				CLANG_ENABLE_OBJC_WEAK = YES;
				CLANG_WARN_BLOCK_CAPTURE_AUTORELEASING = YES;
				CLANG_WARN_BOOL_CONVERSION = YES;
				CLANG_WARN_COMMA = YES;
				CLANG_WARN_CONSTANT_CONVERSION = YES;
				CLANG_WARN_DEPRECATED_OBJC_IMPLEMENTATIONS = YES;
				CLANG_WARN_DIRECT_OBJC_ISA_USAGE = YES_ERROR;
				CLANG_WARN_DOCUMENTATION_COMMENTS = YES;
				CLANG_WARN_EMPTY_BODY = YES;
				CLANG_WARN_ENUM_CONVERSION = YES;
				CLANG_WARN_INFINITE_RECURSION = YES;
				CLANG_WARN_INT_CONVERSION = YES;
				CLANG_WARN_NON_LITERAL_NULL_CONVERSION = YES;
				CLANG_WARN_OBJC_IMPLICIT_RETAIN_SELF = YES;
				CLANG_WARN_OBJC_LITERAL_CONVERSION = YES;
				CLANG_WARN_OBJC_ROOT_CLASS = YES_ERROR;
				CLANG_WARN_QUOTED_INCLUDE_IN_FRAMEWORK_HEADER = YES;
				CLANG_WARN_RANGE_LOOP_ANALYSIS = YES;
				CLANG_WARN_STRICT_PROTOTYPES = YES;
				CLANG_WARN_SUSPICIOUS_MOVE = YES;
				CLANG_WARN_UNGUARDED_AVAILABILITY = YES_AGGRESSIVE;
				CLANG_WARN_UNREACHABLE_CODE = YES;
				CLANG_WARN__DUPLICATE_METHOD_MATCH = YES;
				COPY_PHASE_STRIP = NO;
				DEBUG_INFORMATION_FORMAT = "dwarf-with-dsym";
				ENABLE_NS_ASSERTIONS = NO;
				ENABLE_STRICT_OBJC_MSGSEND = YES;
				GCC_C_LANGUAGE_STANDARD = gnu11;
				GCC_NO_COMMON_BLOCKS = YES;
				GCC_WARN_64_TO_32_BIT_CONVERSION = YES;
				GCC_WARN_ABOUT_RETURN_TYPE = YES_ERROR;
				GCC_WARN_UNDECLARED_SELECTOR = YES;
				GCC_WARN_UNINITIALIZED_AUTOS = YES_AGGRESSIVE;
				GCC_WARN_UNUSED_FUNCTION = YES;
				GCC_WARN_UNUSED_VARIABLE = YES;
				IPHONEOS_DEPLOYMENT_TARGET = 15.1;
				MTL_ENABLE_DEBUG_INFO = NO;
				MTL_FAST_MATH = YES;
				SDKROOT = iphoneos;
				SWIFT_COMPILATION_MODE = wholemodule;
				SWIFT_OPTIMIZATION_LEVEL = "-O";
				VALIDATE_PRODUCT = YES;
			};
			name = Release;
		};
		3221999227FA5DB3003FD4F6 /* Debug */ = {
			isa = XCBuildConfiguration;
			buildSettings = {
				ASSETCATALOG_COMPILER_APPICON_NAME = AppIcon;
				ASSETCATALOG_COMPILER_GLOBAL_ACCENT_COLOR_NAME = AccentColor;
				ASSETCATALOG_COMPILER_INCLUDE_ALL_APPICON_ASSETS = NO;
				CODE_SIGN_STYLE = Automatic;
				CURRENT_PROJECT_VERSION = 2;
				DEVELOPMENT_TEAM = VR7223ZYQY;
				GENERATE_INFOPLIST_FILE = YES;
				INFOPLIST_FILE = "StagedCooking-Revisited/Info.plist";
				INFOPLIST_KEY_CFBundleDisplayName = "Staged Cooking";
				INFOPLIST_KEY_UIApplicationSupportsIndirectInputEvents = YES;
				INFOPLIST_KEY_UILaunchStoryboardName = LaunchScreen;
				INFOPLIST_KEY_UISupportedInterfaceOrientations = "UIInterfaceOrientationPortrait UIInterfaceOrientationPortraitUpsideDown";
				INFOPLIST_KEY_UISupportedInterfaceOrientations_iPad = "UIInterfaceOrientationPortrait UIInterfaceOrientationPortraitUpsideDown UIInterfaceOrientationLandscapeLeft UIInterfaceOrientationLandscapeRight";
				INFOPLIST_KEY_UISupportedInterfaceOrientations_iPhone = UIInterfaceOrientationPortrait;
				LD_RUNPATH_SEARCH_PATHS = (
					"$(inherited)",
					"@executable_path/Frameworks",
				);
				MARKETING_VERSION = 0.3;
				PRODUCT_BUNDLE_IDENTIFIER = "com.meltonlogan.StagedCooking-Revisited";
				PRODUCT_NAME = "$(TARGET_NAME)";
				SWIFT_EMIT_LOC_STRINGS = YES;
				SWIFT_VERSION = 5.0;
				TARGETED_DEVICE_FAMILY = "1,2";
			};
			name = Debug;
		};
		3221999327FA5DB3003FD4F6 /* Release */ = {
			isa = XCBuildConfiguration;
			buildSettings = {
				ASSETCATALOG_COMPILER_APPICON_NAME = AppIcon;
				ASSETCATALOG_COMPILER_GLOBAL_ACCENT_COLOR_NAME = AccentColor;
				ASSETCATALOG_COMPILER_INCLUDE_ALL_APPICON_ASSETS = NO;
				CODE_SIGN_STYLE = Automatic;
				CURRENT_PROJECT_VERSION = 2;
				DEVELOPMENT_TEAM = VR7223ZYQY;
				GENERATE_INFOPLIST_FILE = YES;
				INFOPLIST_FILE = "StagedCooking-Revisited/Info.plist";
				INFOPLIST_KEY_CFBundleDisplayName = "Staged Cooking";
				INFOPLIST_KEY_UIApplicationSupportsIndirectInputEvents = YES;
				INFOPLIST_KEY_UILaunchStoryboardName = LaunchScreen;
				INFOPLIST_KEY_UISupportedInterfaceOrientations = "UIInterfaceOrientationPortrait UIInterfaceOrientationPortraitUpsideDown";
				INFOPLIST_KEY_UISupportedInterfaceOrientations_iPad = "UIInterfaceOrientationPortrait UIInterfaceOrientationPortraitUpsideDown UIInterfaceOrientationLandscapeLeft UIInterfaceOrientationLandscapeRight";
				INFOPLIST_KEY_UISupportedInterfaceOrientations_iPhone = UIInterfaceOrientationPortrait;
				LD_RUNPATH_SEARCH_PATHS = (
					"$(inherited)",
					"@executable_path/Frameworks",
				);
				MARKETING_VERSION = 0.3;
				PRODUCT_BUNDLE_IDENTIFIER = "com.meltonlogan.StagedCooking-Revisited";
				PRODUCT_NAME = "$(TARGET_NAME)";
				SWIFT_EMIT_LOC_STRINGS = YES;
				SWIFT_VERSION = 5.0;
				TARGETED_DEVICE_FAMILY = "1,2";
			};
			name = Release;
		};
/* End XCBuildConfiguration section */

/* Begin XCConfigurationList section */
		3221997827FA5DB2003FD4F6 /* Build configuration list for PBXProject "StagedCooking-Revisited" */ = {
			isa = XCConfigurationList;
			buildConfigurations = (
				3221998F27FA5DB3003FD4F6 /* Debug */,
				3221999027FA5DB3003FD4F6 /* Release */,
			);
			defaultConfigurationIsVisible = 0;
			defaultConfigurationName = Release;
		};
		3221999127FA5DB3003FD4F6 /* Build configuration list for PBXNativeTarget "StagedCooking-Revisited" */ = {
			isa = XCConfigurationList;
			buildConfigurations = (
				3221999227FA5DB3003FD4F6 /* Debug */,
				3221999327FA5DB3003FD4F6 /* Release */,
			);
			defaultConfigurationIsVisible = 0;
			defaultConfigurationName = Release;
		};
/* End XCConfigurationList section */
	};
	rootObject = 3221997527FA5DB2003FD4F6 /* Project object */;
}
